
Microsoft Visual Studio Solution File, Format Version 12.00
Project("{FAE04EC0-301F-11D3-BF4B-00C04F79EFBC}") = "First", "First\First.csproj", "{C0DDDF03-9B2F-46AE-A27A-4DA8912C485D}"
EndProject
Global
	GlobalSection(SolutionConfigurationPlatforms) = preSolution
		Debug|Any CPU = Debug|Any CPU
		Release|Any CPU = Release|Any CPU
	EndGlobalSection
	GlobalSection(ProjectConfigurationPlatforms) = postSolution
		{C0DDDF03-9B2F-46AE-A27A-4DA8912C485D}.Debug|Any CPU.ActiveCfg = Debug|Any CPU
		{C0DDDF03-9B2F-46AE-A27A-4DA8912C485D}.Debug|Any CPU.Build.0 = Debug|Any CPU
		{C0DDDF03-9B2F-46AE-A27A-4DA8912C485D}.Release|Any CPU.ActiveCfg = Release|Any CPU
		{C0DDDF03-9B2F-46AE-A27A-4DA8912C485D}.Release|Any CPU.Build.0 = Release|Any CPU
	EndGlobalSection
EndGlobal
